
Microsoft Visual Studio Solution File, Format Version 12.00
# Visual Studio 14
VisualStudioVersion = 14.0.25420.1
MinimumVisualStudioVersion = 10.0.40219.1
Project("{FAE04EC0-301F-11D3-BF4B-00C04F79EFBC}") = "VegetableMarket", "VegetableMarket\VegetableMarket.csproj", "{F4154764-CE6A-4EED-A034-706780EF65EE}"
EndProject
Project("{FAE04EC0-301F-11D3-BF4B-00C04F79EFBC}") = "PoolPipes", "PoolPipes\PoolPipes.csproj", "{16D839D0-CEC4-40A3-A7C1-E174C3AB2129}"
EndProject
Project("{FAE04EC0-301F-11D3-BF4B-00C04F79EFBC}") = "Trip", "Trip\Trip.csproj", "{61530BF3-C64D-4085-A75A-4D38404A585E}"
EndProject
Project("{FAE04EC0-301F-11D3-BF4B-00C04F79EFBC}") = "Division", "Division\Division.csproj", "{BD842A94-1B7B-44D8-B4EC-B6A683B11EE4}"
EndProject
Project("{FAE04EC0-301F-11D3-BF4B-00C04F79EFBC}") = "Butterfly", "Butterfly\Butterfly.csproj", "{F75AAEF4-91DD-42E8-AE1D-A2659563116E}"
EndProject
Project("{FAE04EC0-301F-11D3-BF4B-00C04F79EFBC}") = "MagicCombination", "MagicCombination\MagicCombination.csproj", "{6E65127C-6B81-4A15-8B65-EF8EAB11D9BE}"
EndProject
Global
	GlobalSection(SolutionConfigurationPlatforms) = preSolution
		Debug|Any CPU = Debug|Any CPU
		Release|Any CPU = Release|Any CPU
	EndGlobalSection
	GlobalSection(ProjectConfigurationPlatforms) = postSolution
		{F4154764-CE6A-4EED-A034-706780EF65EE}.Debug|Any CPU.ActiveCfg = Debug|Any CPU
		{F4154764-CE6A-4EED-A034-706780EF65EE}.Debug|Any CPU.Build.0 = Debug|Any CPU
		{F4154764-CE6A-4EED-A034-706780EF65EE}.Release|Any CPU.ActiveCfg = Release|Any CPU
		{F4154764-CE6A-4EED-A034-706780EF65EE}.Release|Any CPU.Build.0 = Release|Any CPU
		{16D839D0-CEC4-40A3-A7C1-E174C3AB2129}.Debug|Any CPU.ActiveCfg = Debug|Any CPU
		{16D839D0-CEC4-40A3-A7C1-E174C3AB2129}.Debug|Any CPU.Build.0 = Debug|Any CPU
		{16D839D0-CEC4-40A3-A7C1-E174C3AB2129}.Release|Any CPU.ActiveCfg = Release|Any CPU
		{16D839D0-CEC4-40A3-A7C1-E174C3AB2129}.Release|Any CPU.Build.0 = Release|Any CPU
		{61530BF3-C64D-4085-A75A-4D38404A585E}.Debug|Any CPU.ActiveCfg = Debug|Any CPU
		{61530BF3-C64D-4085-A75A-4D38404A585E}.Debug|Any CPU.Build.0 = Debug|Any CPU
		{61530BF3-C64D-4085-A75A-4D38404A585E}.Release|Any CPU.ActiveCfg = Release|Any CPU
		{61530BF3-C64D-4085-A75A-4D38404A585E}.Release|Any CPU.Build.0 = Release|Any CPU
		{BD842A94-1B7B-44D8-B4EC-B6A683B11EE4}.Debug|Any CPU.ActiveCfg = Debug|Any CPU
		{BD842A94-1B7B-44D8-B4EC-B6A683B11EE4}.Debug|Any CPU.Build.0 = Debug|Any CPU
		{BD842A94-1B7B-44D8-B4EC-B6A683B11EE4}.Release|Any CPU.ActiveCfg = Release|Any CPU
		{BD842A94-1B7B-44D8-B4EC-B6A683B11EE4}.Release|Any CPU.Build.0 = Release|Any CPU
		{F75AAEF4-91DD-42E8-AE1D-A2659563116E}.Debug|Any CPU.ActiveCfg = Debug|Any CPU
		{F75AAEF4-91DD-42E8-AE1D-A2659563116E}.Debug|Any CPU.Build.0 = Debug|Any CPU
		{F75AAEF4-91DD-42E8-AE1D-A2659563116E}.Release|Any CPU.ActiveCfg = Release|Any CPU
		{F75AAEF4-91DD-42E8-AE1D-A2659563116E}.Release|Any CPU.Build.0 = Release|Any CPU
		{6E65127C-6B81-4A15-8B65-EF8EAB11D9BE}.Debug|Any CPU.ActiveCfg = Debug|Any CPU
		{6E65127C-6B81-4A15-8B65-EF8EAB11D9BE}.Debug|Any CPU.Build.0 = Debug|Any CPU
		{6E65127C-6B81-4A15-8B65-EF8EAB11D9BE}.Release|Any CPU.ActiveCfg = Release|Any CPU
		{6E65127C-6B81-4A15-8B65-EF8EAB11D9BE}.Release|Any CPU.Build.0 = Release|Any CPU
	EndGlobalSection
	GlobalSection(SolutionProperties) = preSolution
		HideSolutionNode = FALSE
	EndGlobalSection
EndGlobal
