
Microsoft Visual Studio Solution File, Format Version 12.00
# Visual Studio 14
VisualStudioVersion = 14.0.25420.1
MinimumVisualStudioVersion = 10.0.40219.1
Project("{FAE04EC0-301F-11D3-BF4B-00C04F79EFBC}") = "RectangleOf10x10Stars", "RectangleOf10x10Stars\RectangleOf10x10Stars.csproj", "{20C463D2-14AA-4A35-BF6B-669396109BF8}"
EndProject
Project("{FAE04EC0-301F-11D3-BF4B-00C04F79EFBC}") = "RectOfNxNStars", "RectOfNxNStars\RectOfNxNStars.csproj", "{431F43E1-BB75-4B4C-896A-59E2934A7751}"
EndProject
Project("{FAE04EC0-301F-11D3-BF4B-00C04F79EFBC}") = "SquareOfNxNStars", "SquareOfNxNStars\SquareOfNxNStars.csproj", "{343BE28A-5872-4085-BCEC-0A968AEC9E8E}"
EndProject
Project("{FAE04EC0-301F-11D3-BF4B-00C04F79EFBC}") = "TriangleOfDollars", "TriangleOfDollars\TriangleOfDollars.csproj", "{3003DF03-3918-49C5-82A7-0204F60B231F}"
EndProject
Project("{FAE04EC0-301F-11D3-BF4B-00C04F79EFBC}") = "SquareFrame", "SquareFrame\SquareFrame.csproj", "{9B6C56DF-049D-4507-BC13-1DEC5406E3CE}"
EndProject
Project("{FAE04EC0-301F-11D3-BF4B-00C04F79EFBC}") = "SquareFrameVar2", "SquareFrameVar2\SquareFrameVar2.csproj", "{4DDE77CC-7E9A-44F9-890C-D9E699A8441F}"
EndProject
Project("{FAE04EC0-301F-11D3-BF4B-00C04F79EFBC}") = "RhombusOfStars", "RhombusOfStars\RhombusOfStars.csproj", "{9EEB55B4-2CAA-4890-A748-685F0FE6D23D}"
EndProject
Project("{FAE04EC0-301F-11D3-BF4B-00C04F79EFBC}") = "ChristmasTree", "ChristmasTree\ChristmasTree.csproj", "{A9201346-E497-4C9C-92EB-2EE18A7629C9}"
EndProject
Project("{FAE04EC0-301F-11D3-BF4B-00C04F79EFBC}") = "ChristmasTreeVar2", "ChristmasTreeVar2\ChristmasTreeVar2.csproj", "{9D8D30AF-2685-4EC7-8BD7-6BCD324B8ED5}"
EndProject
Project("{FAE04EC0-301F-11D3-BF4B-00C04F79EFBC}") = "Sunglasses", "Sunglasses\Sunglasses.csproj", "{93115270-14C0-4469-9FCC-C3E93E3EFC6B}"
EndProject
Project("{FAE04EC0-301F-11D3-BF4B-00C04F79EFBC}") = "SunglassesVar2", "SunglassesVar2\SunglassesVar2.csproj", "{84829C53-3CB6-4344-A70C-1C6B37248956}"
EndProject
Project("{FAE04EC0-301F-11D3-BF4B-00C04F79EFBC}") = "House", "House\House.csproj", "{DF6C18CF-2CB8-4630-8E57-7A338CB21E36}"
EndProject
Project("{FAE04EC0-301F-11D3-BF4B-00C04F79EFBC}") = "Diamond", "Diamond\Diamond.csproj", "{1932AEDE-E0BC-4BDE-B144-2704EC5E655D}"
EndProject
Project("{FAE04EC0-301F-11D3-BF4B-00C04F79EFBC}") = "DrawFort", "DrawFort\DrawFort.csproj", "{4AD38770-68A8-42B4-885E-0AF82E786F76}"
EndProject
Project("{FAE04EC0-301F-11D3-BF4B-00C04F79EFBC}") = "DrawFortVar2", "DrawFortVar2\DrawFortVar2.csproj", "{311D9D98-5F01-4B20-B1D7-08A781FD48E5}"
EndProject
Project("{FAE04EC0-301F-11D3-BF4B-00C04F79EFBC}") = "Butterfly", "Butterfly\Butterfly.csproj", "{A4321BD9-BF63-45A7-8910-BF5A2B73A480}"
EndProject
Project("{FAE04EC0-301F-11D3-BF4B-00C04F79EFBC}") = "ButterflyVar2", "ButterflyVar2\ButterflyVar2.csproj", "{D23DB216-319A-4B94-8D96-A5932F6EF5CA}"
EndProject
Project("{FAE04EC0-301F-11D3-BF4B-00C04F79EFBC}") = "StopSign", "StopSign\StopSign.csproj", "{7639A9DE-2AE9-480B-9323-88143AC9301C}"
EndProject
Project("{FAE04EC0-301F-11D3-BF4B-00C04F79EFBC}") = "StopSignVar2", "StopSignVar2\StopSignVar2.csproj", "{A5888578-76E6-4055-888C-15B285193936}"
EndProject
Project("{FAE04EC0-301F-11D3-BF4B-00C04F79EFBC}") = "ChristmasHat", "ChristmasHat\ChristmasHat.csproj", "{B8EB19A3-5AEE-4DA5-B5EB-207F7E7A99F6}"
EndProject
Project("{FAE04EC0-301F-11D3-BF4B-00C04F79EFBC}") = "Rocket", "Rocket\Rocket.csproj", "{3D96EB0B-0D7C-4B46-9001-5620F292FAE5}"
EndProject
Project("{FAE04EC0-301F-11D3-BF4B-00C04F79EFBC}") = "Fox", "Fox\Fox.csproj", "{98698FC2-5C93-46CB-8965-5942357A1533}"
EndProject
Project("{FAE04EC0-301F-11D3-BF4B-00C04F79EFBC}") = "Axe", "Axe\Axe.csproj", "{BCDBDAAF-ED6B-425D-9BB2-26C19252AF14}"
EndProject
Project("{FAE04EC0-301F-11D3-BF4B-00C04F79EFBC}") = "AxeVar2", "AxeVar2\AxeVar2.csproj", "{DB6C7AB9-5441-479B-977A-0E2A5AE88C7C}"
EndProject
Project("{FAE04EC0-301F-11D3-BF4B-00C04F79EFBC}") = "DiamondExam", "DiamondExam\DiamondExam.csproj", "{384AD9F1-9161-4AFA-8E80-BB80B60DE550}"
EndProject
Project("{FAE04EC0-301F-11D3-BF4B-00C04F79EFBC}") = "DiamondExamVar2", "DiamondExamVar2\DiamondExamVar2.csproj", "{D376F9BC-8426-4A57-AECA-D272BA8DC057}"
EndProject
Global
	GlobalSection(SolutionConfigurationPlatforms) = preSolution
		Debug|Any CPU = Debug|Any CPU
		Release|Any CPU = Release|Any CPU
	EndGlobalSection
	GlobalSection(ProjectConfigurationPlatforms) = postSolution
		{20C463D2-14AA-4A35-BF6B-669396109BF8}.Debug|Any CPU.ActiveCfg = Debug|Any CPU
		{20C463D2-14AA-4A35-BF6B-669396109BF8}.Debug|Any CPU.Build.0 = Debug|Any CPU
		{20C463D2-14AA-4A35-BF6B-669396109BF8}.Release|Any CPU.ActiveCfg = Release|Any CPU
		{20C463D2-14AA-4A35-BF6B-669396109BF8}.Release|Any CPU.Build.0 = Release|Any CPU
		{431F43E1-BB75-4B4C-896A-59E2934A7751}.Debug|Any CPU.ActiveCfg = Debug|Any CPU
		{431F43E1-BB75-4B4C-896A-59E2934A7751}.Debug|Any CPU.Build.0 = Debug|Any CPU
		{431F43E1-BB75-4B4C-896A-59E2934A7751}.Release|Any CPU.ActiveCfg = Release|Any CPU
		{431F43E1-BB75-4B4C-896A-59E2934A7751}.Release|Any CPU.Build.0 = Release|Any CPU
		{343BE28A-5872-4085-BCEC-0A968AEC9E8E}.Debug|Any CPU.ActiveCfg = Debug|Any CPU
		{343BE28A-5872-4085-BCEC-0A968AEC9E8E}.Debug|Any CPU.Build.0 = Debug|Any CPU
		{343BE28A-5872-4085-BCEC-0A968AEC9E8E}.Release|Any CPU.ActiveCfg = Release|Any CPU
		{343BE28A-5872-4085-BCEC-0A968AEC9E8E}.Release|Any CPU.Build.0 = Release|Any CPU
		{3003DF03-3918-49C5-82A7-0204F60B231F}.Debug|Any CPU.ActiveCfg = Debug|Any CPU
		{3003DF03-3918-49C5-82A7-0204F60B231F}.Debug|Any CPU.Build.0 = Debug|Any CPU
		{3003DF03-3918-49C5-82A7-0204F60B231F}.Release|Any CPU.ActiveCfg = Release|Any CPU
		{3003DF03-3918-49C5-82A7-0204F60B231F}.Release|Any CPU.Build.0 = Release|Any CPU
		{9B6C56DF-049D-4507-BC13-1DEC5406E3CE}.Debug|Any CPU.ActiveCfg = Debug|Any CPU
		{9B6C56DF-049D-4507-BC13-1DEC5406E3CE}.Debug|Any CPU.Build.0 = Debug|Any CPU
		{9B6C56DF-049D-4507-BC13-1DEC5406E3CE}.Release|Any CPU.ActiveCfg = Release|Any CPU
		{9B6C56DF-049D-4507-BC13-1DEC5406E3CE}.Release|Any CPU.Build.0 = Release|Any CPU
		{4DDE77CC-7E9A-44F9-890C-D9E699A8441F}.Debug|Any CPU.ActiveCfg = Debug|Any CPU
		{4DDE77CC-7E9A-44F9-890C-D9E699A8441F}.Debug|Any CPU.Build.0 = Debug|Any CPU
		{4DDE77CC-7E9A-44F9-890C-D9E699A8441F}.Release|Any CPU.ActiveCfg = Release|Any CPU
		{4DDE77CC-7E9A-44F9-890C-D9E699A8441F}.Release|Any CPU.Build.0 = Release|Any CPU
		{9EEB55B4-2CAA-4890-A748-685F0FE6D23D}.Debug|Any CPU.ActiveCfg = Debug|Any CPU
		{9EEB55B4-2CAA-4890-A748-685F0FE6D23D}.Debug|Any CPU.Build.0 = Debug|Any CPU
		{9EEB55B4-2CAA-4890-A748-685F0FE6D23D}.Release|Any CPU.ActiveCfg = Release|Any CPU
		{9EEB55B4-2CAA-4890-A748-685F0FE6D23D}.Release|Any CPU.Build.0 = Release|Any CPU
		{A9201346-E497-4C9C-92EB-2EE18A7629C9}.Debug|Any CPU.ActiveCfg = Debug|Any CPU
		{A9201346-E497-4C9C-92EB-2EE18A7629C9}.Debug|Any CPU.Build.0 = Debug|Any CPU
		{A9201346-E497-4C9C-92EB-2EE18A7629C9}.Release|Any CPU.ActiveCfg = Release|Any CPU
		{A9201346-E497-4C9C-92EB-2EE18A7629C9}.Release|Any CPU.Build.0 = Release|Any CPU
		{9D8D30AF-2685-4EC7-8BD7-6BCD324B8ED5}.Debug|Any CPU.ActiveCfg = Debug|Any CPU
		{9D8D30AF-2685-4EC7-8BD7-6BCD324B8ED5}.Debug|Any CPU.Build.0 = Debug|Any CPU
		{9D8D30AF-2685-4EC7-8BD7-6BCD324B8ED5}.Release|Any CPU.ActiveCfg = Release|Any CPU
		{9D8D30AF-2685-4EC7-8BD7-6BCD324B8ED5}.Release|Any CPU.Build.0 = Release|Any CPU
		{93115270-14C0-4469-9FCC-C3E93E3EFC6B}.Debug|Any CPU.ActiveCfg = Debug|Any CPU
		{93115270-14C0-4469-9FCC-C3E93E3EFC6B}.Debug|Any CPU.Build.0 = Debug|Any CPU
		{93115270-14C0-4469-9FCC-C3E93E3EFC6B}.Release|Any CPU.ActiveCfg = Release|Any CPU
		{93115270-14C0-4469-9FCC-C3E93E3EFC6B}.Release|Any CPU.Build.0 = Release|Any CPU
		{84829C53-3CB6-4344-A70C-1C6B37248956}.Debug|Any CPU.ActiveCfg = Debug|Any CPU
		{84829C53-3CB6-4344-A70C-1C6B37248956}.Debug|Any CPU.Build.0 = Debug|Any CPU
		{84829C53-3CB6-4344-A70C-1C6B37248956}.Release|Any CPU.ActiveCfg = Release|Any CPU
		{84829C53-3CB6-4344-A70C-1C6B37248956}.Release|Any CPU.Build.0 = Release|Any CPU
		{DF6C18CF-2CB8-4630-8E57-7A338CB21E36}.Debug|Any CPU.ActiveCfg = Debug|Any CPU
		{DF6C18CF-2CB8-4630-8E57-7A338CB21E36}.Debug|Any CPU.Build.0 = Debug|Any CPU
		{DF6C18CF-2CB8-4630-8E57-7A338CB21E36}.Release|Any CPU.ActiveCfg = Release|Any CPU
		{DF6C18CF-2CB8-4630-8E57-7A338CB21E36}.Release|Any CPU.Build.0 = Release|Any CPU
		{1932AEDE-E0BC-4BDE-B144-2704EC5E655D}.Debug|Any CPU.ActiveCfg = Debug|Any CPU
		{1932AEDE-E0BC-4BDE-B144-2704EC5E655D}.Debug|Any CPU.Build.0 = Debug|Any CPU
		{1932AEDE-E0BC-4BDE-B144-2704EC5E655D}.Release|Any CPU.ActiveCfg = Release|Any CPU
		{1932AEDE-E0BC-4BDE-B144-2704EC5E655D}.Release|Any CPU.Build.0 = Release|Any CPU
		{4AD38770-68A8-42B4-885E-0AF82E786F76}.Debug|Any CPU.ActiveCfg = Debug|Any CPU
		{4AD38770-68A8-42B4-885E-0AF82E786F76}.Debug|Any CPU.Build.0 = Debug|Any CPU
		{4AD38770-68A8-42B4-885E-0AF82E786F76}.Release|Any CPU.ActiveCfg = Release|Any CPU
		{4AD38770-68A8-42B4-885E-0AF82E786F76}.Release|Any CPU.Build.0 = Release|Any CPU
		{311D9D98-5F01-4B20-B1D7-08A781FD48E5}.Debug|Any CPU.ActiveCfg = Debug|Any CPU
		{311D9D98-5F01-4B20-B1D7-08A781FD48E5}.Debug|Any CPU.Build.0 = Debug|Any CPU
		{311D9D98-5F01-4B20-B1D7-08A781FD48E5}.Release|Any CPU.ActiveCfg = Release|Any CPU
		{311D9D98-5F01-4B20-B1D7-08A781FD48E5}.Release|Any CPU.Build.0 = Release|Any CPU
		{A4321BD9-BF63-45A7-8910-BF5A2B73A480}.Debug|Any CPU.ActiveCfg = Debug|Any CPU
		{A4321BD9-BF63-45A7-8910-BF5A2B73A480}.Debug|Any CPU.Build.0 = Debug|Any CPU
		{A4321BD9-BF63-45A7-8910-BF5A2B73A480}.Release|Any CPU.ActiveCfg = Release|Any CPU
		{A4321BD9-BF63-45A7-8910-BF5A2B73A480}.Release|Any CPU.Build.0 = Release|Any CPU
		{D23DB216-319A-4B94-8D96-A5932F6EF5CA}.Debug|Any CPU.ActiveCfg = Debug|Any CPU
		{D23DB216-319A-4B94-8D96-A5932F6EF5CA}.Debug|Any CPU.Build.0 = Debug|Any CPU
		{D23DB216-319A-4B94-8D96-A5932F6EF5CA}.Release|Any CPU.ActiveCfg = Release|Any CPU
		{D23DB216-319A-4B94-8D96-A5932F6EF5CA}.Release|Any CPU.Build.0 = Release|Any CPU
		{7639A9DE-2AE9-480B-9323-88143AC9301C}.Debug|Any CPU.ActiveCfg = Debug|Any CPU
		{7639A9DE-2AE9-480B-9323-88143AC9301C}.Debug|Any CPU.Build.0 = Debug|Any CPU
		{7639A9DE-2AE9-480B-9323-88143AC9301C}.Release|Any CPU.ActiveCfg = Release|Any CPU
		{7639A9DE-2AE9-480B-9323-88143AC9301C}.Release|Any CPU.Build.0 = Release|Any CPU
		{A5888578-76E6-4055-888C-15B285193936}.Debug|Any CPU.ActiveCfg = Debug|Any CPU
		{A5888578-76E6-4055-888C-15B285193936}.Debug|Any CPU.Build.0 = Debug|Any CPU
		{A5888578-76E6-4055-888C-15B285193936}.Release|Any CPU.ActiveCfg = Release|Any CPU
		{A5888578-76E6-4055-888C-15B285193936}.Release|Any CPU.Build.0 = Release|Any CPU
		{B8EB19A3-5AEE-4DA5-B5EB-207F7E7A99F6}.Debug|Any CPU.ActiveCfg = Debug|Any CPU
		{B8EB19A3-5AEE-4DA5-B5EB-207F7E7A99F6}.Debug|Any CPU.Build.0 = Debug|Any CPU
		{B8EB19A3-5AEE-4DA5-B5EB-207F7E7A99F6}.Release|Any CPU.ActiveCfg = Release|Any CPU
		{B8EB19A3-5AEE-4DA5-B5EB-207F7E7A99F6}.Release|Any CPU.Build.0 = Release|Any CPU
		{3D96EB0B-0D7C-4B46-9001-5620F292FAE5}.Debug|Any CPU.ActiveCfg = Debug|Any CPU
		{3D96EB0B-0D7C-4B46-9001-5620F292FAE5}.Debug|Any CPU.Build.0 = Debug|Any CPU
		{3D96EB0B-0D7C-4B46-9001-5620F292FAE5}.Release|Any CPU.ActiveCfg = Release|Any CPU
		{3D96EB0B-0D7C-4B46-9001-5620F292FAE5}.Release|Any CPU.Build.0 = Release|Any CPU
		{98698FC2-5C93-46CB-8965-5942357A1533}.Debug|Any CPU.ActiveCfg = Debug|Any CPU
		{98698FC2-5C93-46CB-8965-5942357A1533}.Debug|Any CPU.Build.0 = Debug|Any CPU
		{98698FC2-5C93-46CB-8965-5942357A1533}.Release|Any CPU.ActiveCfg = Release|Any CPU
		{98698FC2-5C93-46CB-8965-5942357A1533}.Release|Any CPU.Build.0 = Release|Any CPU
		{BCDBDAAF-ED6B-425D-9BB2-26C19252AF14}.Debug|Any CPU.ActiveCfg = Debug|Any CPU
		{BCDBDAAF-ED6B-425D-9BB2-26C19252AF14}.Debug|Any CPU.Build.0 = Debug|Any CPU
		{BCDBDAAF-ED6B-425D-9BB2-26C19252AF14}.Release|Any CPU.ActiveCfg = Release|Any CPU
		{BCDBDAAF-ED6B-425D-9BB2-26C19252AF14}.Release|Any CPU.Build.0 = Release|Any CPU
		{DB6C7AB9-5441-479B-977A-0E2A5AE88C7C}.Debug|Any CPU.ActiveCfg = Debug|Any CPU
		{DB6C7AB9-5441-479B-977A-0E2A5AE88C7C}.Debug|Any CPU.Build.0 = Debug|Any CPU
		{DB6C7AB9-5441-479B-977A-0E2A5AE88C7C}.Release|Any CPU.ActiveCfg = Release|Any CPU
		{DB6C7AB9-5441-479B-977A-0E2A5AE88C7C}.Release|Any CPU.Build.0 = Release|Any CPU
		{384AD9F1-9161-4AFA-8E80-BB80B60DE550}.Debug|Any CPU.ActiveCfg = Debug|Any CPU
		{384AD9F1-9161-4AFA-8E80-BB80B60DE550}.Debug|Any CPU.Build.0 = Debug|Any CPU
		{384AD9F1-9161-4AFA-8E80-BB80B60DE550}.Release|Any CPU.ActiveCfg = Release|Any CPU
		{384AD9F1-9161-4AFA-8E80-BB80B60DE550}.Release|Any CPU.Build.0 = Release|Any CPU
		{D376F9BC-8426-4A57-AECA-D272BA8DC057}.Debug|Any CPU.ActiveCfg = Debug|Any CPU
		{D376F9BC-8426-4A57-AECA-D272BA8DC057}.Debug|Any CPU.Build.0 = Debug|Any CPU
		{D376F9BC-8426-4A57-AECA-D272BA8DC057}.Release|Any CPU.ActiveCfg = Release|Any CPU
		{D376F9BC-8426-4A57-AECA-D272BA8DC057}.Release|Any CPU.Build.0 = Release|Any CPU
	EndGlobalSection
	GlobalSection(SolutionProperties) = preSolution
		HideSolutionNode = FALSE
	EndGlobalSection
EndGlobal
