
Microsoft Visual Studio Solution File, Format Version 12.00
# Visual Studio 14
VisualStudioVersion = 14.0.25420.1
MinimumVisualStudioVersion = 10.0.40219.1
Project("{FAE04EC0-301F-11D3-BF4B-00C04F79EFBC}") = "OddOrEven", "OddOrEven\OddOrEven.csproj", "{3E0E5534-A9BC-48C4-B54C-B7E10BD5DABE}"
EndProject
Project("{FAE04EC0-301F-11D3-BF4B-00C04F79EFBC}") = "DivideBy5And7", "DivideBy5And7\DivideBy5And7.csproj", "{7F26BA74-BDCE-4450-8655-02019CA1939E}"
EndProject
Project("{FAE04EC0-301F-11D3-BF4B-00C04F79EFBC}") = "ThirdDigitSeven", "ThirdDigitSeven\ThirdDigitSeven.csproj", "{2A111076-865F-471A-8D02-38140793C192}"
EndProject
Project("{FAE04EC0-301F-11D3-BF4B-00C04F79EFBC}") = "Gravity", "Gravity\Gravity.csproj", "{93EC7250-3BC6-4C0E-9381-051C38D518CE}"
EndProject
Project("{FAE04EC0-301F-11D3-BF4B-00C04F79EFBC}") = "PointInCircle", "PointInCircle\PointInCircle.csproj", "{0D703D8F-6B58-4542-9F38-82EC22ADC529}"
EndProject
Project("{FAE04EC0-301F-11D3-BF4B-00C04F79EFBC}") = "PointCircleAndRect", "PointCircleAndRect\PointCircleAndRect.csproj", "{CCDBD2C7-B5C2-4DB4-968F-321D32122676}"
EndProject
Project("{FAE04EC0-301F-11D3-BF4B-00C04F79EFBC}") = "FourDigitNumManipulation", "FourDigitNumManipulation\FourDigitNumManipulation.csproj", "{DAC505CF-879A-4983-898F-D2342C156C5A}"
EndProject
Global
	GlobalSection(SolutionConfigurationPlatforms) = preSolution
		Debug|Any CPU = Debug|Any CPU
		Release|Any CPU = Release|Any CPU
	EndGlobalSection
	GlobalSection(ProjectConfigurationPlatforms) = postSolution
		{3E0E5534-A9BC-48C4-B54C-B7E10BD5DABE}.Debug|Any CPU.ActiveCfg = Debug|Any CPU
		{3E0E5534-A9BC-48C4-B54C-B7E10BD5DABE}.Debug|Any CPU.Build.0 = Debug|Any CPU
		{3E0E5534-A9BC-48C4-B54C-B7E10BD5DABE}.Release|Any CPU.ActiveCfg = Release|Any CPU
		{3E0E5534-A9BC-48C4-B54C-B7E10BD5DABE}.Release|Any CPU.Build.0 = Release|Any CPU
		{7F26BA74-BDCE-4450-8655-02019CA1939E}.Debug|Any CPU.ActiveCfg = Debug|Any CPU
		{7F26BA74-BDCE-4450-8655-02019CA1939E}.Debug|Any CPU.Build.0 = Debug|Any CPU
		{7F26BA74-BDCE-4450-8655-02019CA1939E}.Release|Any CPU.ActiveCfg = Release|Any CPU
		{7F26BA74-BDCE-4450-8655-02019CA1939E}.Release|Any CPU.Build.0 = Release|Any CPU
		{2A111076-865F-471A-8D02-38140793C192}.Debug|Any CPU.ActiveCfg = Debug|Any CPU
		{2A111076-865F-471A-8D02-38140793C192}.Debug|Any CPU.Build.0 = Debug|Any CPU
		{2A111076-865F-471A-8D02-38140793C192}.Release|Any CPU.ActiveCfg = Release|Any CPU
		{2A111076-865F-471A-8D02-38140793C192}.Release|Any CPU.Build.0 = Release|Any CPU
		{93EC7250-3BC6-4C0E-9381-051C38D518CE}.Debug|Any CPU.ActiveCfg = Debug|Any CPU
		{93EC7250-3BC6-4C0E-9381-051C38D518CE}.Debug|Any CPU.Build.0 = Debug|Any CPU
		{93EC7250-3BC6-4C0E-9381-051C38D518CE}.Release|Any CPU.ActiveCfg = Release|Any CPU
		{93EC7250-3BC6-4C0E-9381-051C38D518CE}.Release|Any CPU.Build.0 = Release|Any CPU
		{0D703D8F-6B58-4542-9F38-82EC22ADC529}.Debug|Any CPU.ActiveCfg = Debug|Any CPU
		{0D703D8F-6B58-4542-9F38-82EC22ADC529}.Debug|Any CPU.Build.0 = Debug|Any CPU
		{0D703D8F-6B58-4542-9F38-82EC22ADC529}.Release|Any CPU.ActiveCfg = Release|Any CPU
		{0D703D8F-6B58-4542-9F38-82EC22ADC529}.Release|Any CPU.Build.0 = Release|Any CPU
		{CCDBD2C7-B5C2-4DB4-968F-321D32122676}.Debug|Any CPU.ActiveCfg = Debug|Any CPU
		{CCDBD2C7-B5C2-4DB4-968F-321D32122676}.Debug|Any CPU.Build.0 = Debug|Any CPU
		{CCDBD2C7-B5C2-4DB4-968F-321D32122676}.Release|Any CPU.ActiveCfg = Release|Any CPU
		{CCDBD2C7-B5C2-4DB4-968F-321D32122676}.Release|Any CPU.Build.0 = Release|Any CPU
		{DAC505CF-879A-4983-898F-D2342C156C5A}.Debug|Any CPU.ActiveCfg = Debug|Any CPU
		{DAC505CF-879A-4983-898F-D2342C156C5A}.Debug|Any CPU.Build.0 = Debug|Any CPU
		{DAC505CF-879A-4983-898F-D2342C156C5A}.Release|Any CPU.ActiveCfg = Release|Any CPU
		{DAC505CF-879A-4983-898F-D2342C156C5A}.Release|Any CPU.Build.0 = Release|Any CPU
	EndGlobalSection
	GlobalSection(SolutionProperties) = preSolution
		HideSolutionNode = FALSE
	EndGlobalSection
EndGlobal
